
Microsoft Visual Studio Solution File, Format Version 12.00
# Visual Studio 2013
VisualStudioVersion = 12.0.30324.0
MinimumVisualStudioVersion = 10.0.40219.1
Project("{FAE04EC0-301F-11D3-BF4B-00C04F79EFBC}") = "Geres.Azure.PaaS.JobProcessor", "JobProcessor\Geres.Azure.PaaS.JobProcessor.csproj", "{01E6EEEF-9A96-4866-90C3-805644F19103}"
	ProjectSection(ProjectDependencies) = postProject
		{6CE4EB23-2F82-4429-92A5-9032BC1C5D0F} = {6CE4EB23-2F82-4429-92A5-9032BC1C5D0F}
		{4FDE8B47-2B57-4A69-95D1-E6FC6A43F4D6} = {4FDE8B47-2B57-4A69-95D1-E6FC6A43F4D6}
		{7D44CE4E-347E-4E9F-B7C1-222960B51376} = {7D44CE4E-347E-4E9F-B7C1-222960B51376}
		{AFF84ED7-8814-410D-BA73-345B726F1864} = {AFF84ED7-8814-410D-BA73-345B726F1864}
		{722480F6-46F9-475A-89B1-27A758E34A28} = {722480F6-46F9-475A-89B1-27A758E34A28}
	EndProjectSection
EndProject
Project("{FAE04EC0-301F-11D3-BF4B-00C04F79EFBC}") = "Geres.Azure.PaaS.JobHub", "JobHub\Geres.Azure.PaaS.JobHub.csproj", "{CC987857-DDAD-4A35-BD81-6AD7819675AA}"
EndProject
Project("{2150E333-8FDC-42A3-9474-1A3956D46DE8}") = "src", "src", "{78582369-5DE3-446A-8BD4-A6FEE069ED6C}"
EndProject
Project("{2150E333-8FDC-42A3-9474-1A3956D46DE8}") = "samples", "samples", "{75494C09-AE25-406F-8816-B336C817981D}"
EndProject
Project("{2150E333-8FDC-42A3-9474-1A3956D46DE8}") = "azure", "azure", "{58CF7B3A-2574-4478-A5F3-945F32CD5692}"
EndProject
Project("{FAE04EC0-301F-11D3-BF4B-00C04F79EFBC}") = "Geres.Azure.PaaS.AutoScaler", "AutoScaler\Geres.Azure.PaaS.AutoScaler.csproj", "{25FE0F1B-A0A1-4C5C-A0CE-6308893625F1}"
EndProject
Project("{CC5FD16D-436D-48AD-A40C-5A424C6E3E79}") = "GeRes2_Cloud", "GeRes2_Cloud\GeRes2_Cloud.ccproj", "{F57368FA-9854-4732-A465-629DD2176C98}"
EndProject
Project("{2150E333-8FDC-42A3-9474-1A3956D46DE8}") = ".nuget", ".nuget", "{6E532836-B6AC-4D33-ABBD-3FC666CB3177}"
	ProjectSection(SolutionItems) = preProject
		.nuget\NuGet.Config = .nuget\NuGet.Config
		.nuget\NuGet.exe = .nuget\NuGet.exe
		.nuget\NuGet.targets = .nuget\NuGet.targets
	EndProjectSection
EndProject
Project("{FAE04EC0-301F-11D3-BF4B-00C04F79EFBC}") = "GeresJobSamples", "Samples\GeresSimpleJobSamples\GeresJobSamples.csproj", "{AFF84ED7-8814-410D-BA73-345B726F1864}"
EndProject
Project("{FAE04EC0-301F-11D3-BF4B-00C04F79EFBC}") = "GeresJobRequestorSampleConsole", "Samples\GeresJobRequestorSampleConsole\GeresJobRequestorSampleConsole.csproj", "{D9AAC0B9-81B6-4BD3-A7F4-8A2CE0B9A139}"
EndProject
Project("{2150E333-8FDC-42A3-9474-1A3956D46DE8}") = "core", "core", "{4DD28F6D-BC94-4BCA-AD3E-321F94F98D70}"
EndProject
Project("{FAE04EC0-301F-11D3-BF4B-00C04F79EFBC}") = "Geres.Util", "Geres.Util\Geres.Util.csproj", "{974252FD-1725-4B71-BA03-78557A3F1F8A}"
EndProject
Project("{FAE04EC0-301F-11D3-BF4B-00C04F79EFBC}") = "Geres.Engine", "Geres.Engine\Geres.Engine.csproj", "{4D1C307D-17D4-43F8-AA0B-7F4BF20CA1D7}"
EndProject
Project("{FAE04EC0-301F-11D3-BF4B-00C04F79EFBC}") = "Geres.AutoScaler", "Geres.AutoScaler\Geres.AutoScaler.csproj", "{FB048276-48B1-47EA-A06D-3C6B9FCAC660}"
	ProjectSection(ProjectDependencies) = postProject
		{0C89398A-6633-4159-880A-65149487BA5D} = {0C89398A-6633-4159-880A-65149487BA5D}
	EndProjectSection
EndProject
Project("{FAE04EC0-301F-11D3-BF4B-00C04F79EFBC}") = "Geres.Diagnostics", "Geres.Diagnostics\Geres.Diagnostics.csproj", "{1302B5E7-839B-457D-BB16-E34776C3CDB6}"
EndProject
Project("{FAE04EC0-301F-11D3-BF4B-00C04F79EFBC}") = "Geres.Repositories", "Geres.Repositories\Geres.Repositories.csproj", "{251D260F-29CE-42AA-B56F-A2FC9D45F71D}"
EndProject
Project("{2150E333-8FDC-42A3-9474-1A3956D46DE8}") = "End2End", "End2End", "{02C7708E-32B7-4F50-BCD1-0B1F8D4C7D18}"
EndProject
Project("{FAE04EC0-301F-11D3-BF4B-00C04F79EFBC}") = "Geres.Samples.ThumbnailGeneratorClient", "Samples\End2End\Geres.Samples.ThumbnailGeneratorClient\Geres.Samples.ThumbnailGeneratorClient.csproj", "{458C6222-95A7-4AF5-A341-C74D9A285E0C}"
EndProject
Project("{FAE04EC0-301F-11D3-BF4B-00C04F79EFBC}") = "Geres.Samples.ThumbnailGeneratorJob", "Samples\End2End\Geres.Samples.ThumbnailGeneratorJob\Geres.Samples.ThumbnailGeneratorJob.csproj", "{4FDE8B47-2B57-4A69-95D1-E6FC6A43F4D6}"
EndProject
Project("{FAE04EC0-301F-11D3-BF4B-00C04F79EFBC}") = "ThumbnailProducerApp", "Samples\End2End\ThumbnailProducerApp\ThumbnailProducerApp.csproj", "{673B38C0-C387-4D30-9888-2403E87765DA}"
EndProject
Project("{FAE04EC0-301F-11D3-BF4B-00C04F79EFBC}") = "GeresAutoscalerPolicySamples", "Samples\GeresAutoscalePolicySamples\GeresAutoscalerPolicySamples.csproj", "{0C89398A-6633-4159-880A-65149487BA5D}"
EndProject
Project("{2150E333-8FDC-42A3-9474-1A3956D46DE8}") = "sdkclient", "sdkclient", "{9F8C51B5-90D8-463C-997C-645F98AFBCC0}"
EndProject
Project("{FAE04EC0-301F-11D3-BF4B-00C04F79EFBC}") = "Geres.ClientSdk.Core", "Geres.ClientSdk.Core\Geres.ClientSdk.Core.csproj", "{4B769607-A5BF-4813-B2BC-C3B1202BD9B7}"
EndProject
Project("{FAE04EC0-301F-11D3-BF4B-00C04F79EFBC}") = "Geres.Common.Entities", "Geres.Common.Entities\Geres.Common.Entities.csproj", "{28E95B9C-4E68-44DF-8595-395A7693905F}"
EndProject
Project("{F088123C-0E9E-452A-89E6-6BA2F21D5CAC}") = "Geres.Models", "Geres.Models\Geres.Models.modelproj", "{D95612FB-AB04-47B9-BD1C-9FAF1A2080CB}"
EndProject
Project("{2150E333-8FDC-42A3-9474-1A3956D46DE8}") = "sdkserver", "sdkserver", "{BCBECC61-77ED-4BD0-B1FC-5216B9ECDFA0}"
EndProject
Project("{FAE04EC0-301F-11D3-BF4B-00C04F79EFBC}") = "Geres.ClientSdk.NetFx", "Geres.ClientSdk.NetFx\Geres.ClientSdk.NetFx.csproj", "{58B5BB89-F248-4B02-BB86-6C034E0CF4FA}"
EndProject
Project("{FAE04EC0-301F-11D3-BF4B-00C04F79EFBC}") = "Geres.Common", "Geres.Common\Geres.Common.csproj", "{4C62427A-679D-41A6-9594-5DE2061C0D3A}"
EndProject
Project("{FAE04EC0-301F-11D3-BF4B-00C04F79EFBC}") = "Geres.AutoScaler.Interfaces", "Geres.AutoScaler.Interfaces\Geres.AutoScaler.Interfaces.csproj", "{EA57A5D5-70E2-4DED-83DF-2216DD11EFE0}"
EndProject
Project("{2150E333-8FDC-42A3-9474-1A3956D46DE8}") = "sdkshared", "sdkshared", "{463EE421-6468-4668-9208-EA9D94DB723D}"
EndProject
Project("{FAE04EC0-301F-11D3-BF4B-00C04F79EFBC}") = "Geres.Engine.JobWorkerProcess", "Geres.Engine.JobWorkerProcess\Geres.Engine.JobWorkerProcess.csproj", "{6CE4EB23-2F82-4429-92A5-9032BC1C5D0F}"
EndProject
Project("{FAE04EC0-301F-11D3-BF4B-00C04F79EFBC}") = "Geres.Engine.JobFactories", "Geres.Engine.JobFactories\Geres.Engine.JobFactories.csproj", "{722480F6-46F9-475A-89B1-27A758E34A28}"
EndProject
Project("{FAE04EC0-301F-11D3-BF4B-00C04F79EFBC}") = "Geres.Engine.BuiltInJobs", "Geres.Engine.BuiltInJobs\Geres.Engine.BuiltInJobs.csproj", "{7D44CE4E-347E-4E9F-B7C1-222960B51376}"
EndProject
Project("{FAE04EC0-301F-11D3-BF4B-00C04F79EFBC}") = "Geres.Engine.Common", "Geres.Engine.Common\Geres.Engine.Common.csproj", "{A80005C8-8677-4122-AB48-446C92F5C294}"
EndProject
Project("{CC5FD16D-436D-48AD-A40C-5A424C6E3E79}") = "GeRes2_CoreOnly_Cloud", "GeRes2_CoreOnly_Cloud\GeRes2_CoreOnly_Cloud.ccproj", "{DA456490-73CB-42A9-B8FA-1BF8B125EC07}"
EndProject
Global
	GlobalSection(SolutionConfigurationPlatforms) = preSolution
		Debug|Any CPU = Debug|Any CPU
		Debug|ARM = Debug|ARM
		Debug|x64 = Debug|x64
		Debug|x86 = Debug|x86
		Release|Any CPU = Release|Any CPU
		Release|ARM = Release|ARM
		Release|x64 = Release|x64
		Release|x86 = Release|x86
	EndGlobalSection
	GlobalSection(ProjectConfigurationPlatforms) = postSolution
		{01E6EEEF-9A96-4866-90C3-805644F19103}.Debug|Any CPU.ActiveCfg = Debug|Any CPU
		{01E6EEEF-9A96-4866-90C3-805644F19103}.Debug|Any CPU.Build.0 = Debug|Any CPU
		{01E6EEEF-9A96-4866-90C3-805644F19103}.Debug|ARM.ActiveCfg = Debug|Any CPU
		{01E6EEEF-9A96-4866-90C3-805644F19103}.Debug|x64.ActiveCfg = Debug|Any CPU
		{01E6EEEF-9A96-4866-90C3-805644F19103}.Debug|x86.ActiveCfg = Debug|Any CPU
		{01E6EEEF-9A96-4866-90C3-805644F19103}.Release|Any CPU.ActiveCfg = Release|Any CPU
		{01E6EEEF-9A96-4866-90C3-805644F19103}.Release|Any CPU.Build.0 = Release|Any CPU
		{01E6EEEF-9A96-4866-90C3-805644F19103}.Release|ARM.ActiveCfg = Release|Any CPU
		{01E6EEEF-9A96-4866-90C3-805644F19103}.Release|x64.ActiveCfg = Release|Any CPU
		{01E6EEEF-9A96-4866-90C3-805644F19103}.Release|x86.ActiveCfg = Release|Any CPU
		{CC987857-DDAD-4A35-BD81-6AD7819675AA}.Debug|Any CPU.ActiveCfg = Debug|Any CPU
		{CC987857-DDAD-4A35-BD81-6AD7819675AA}.Debug|Any CPU.Build.0 = Debug|Any CPU
		{CC987857-DDAD-4A35-BD81-6AD7819675AA}.Debug|ARM.ActiveCfg = Debug|Any CPU
		{CC987857-DDAD-4A35-BD81-6AD7819675AA}.Debug|x64.ActiveCfg = Debug|Any CPU
		{CC987857-DDAD-4A35-BD81-6AD7819675AA}.Debug|x86.ActiveCfg = Debug|Any CPU
		{CC987857-DDAD-4A35-BD81-6AD7819675AA}.Release|Any CPU.ActiveCfg = Release|Any CPU
		{CC987857-DDAD-4A35-BD81-6AD7819675AA}.Release|Any CPU.Build.0 = Release|Any CPU
		{CC987857-DDAD-4A35-BD81-6AD7819675AA}.Release|ARM.ActiveCfg = Release|Any CPU
		{CC987857-DDAD-4A35-BD81-6AD7819675AA}.Release|x64.ActiveCfg = Release|Any CPU
		{CC987857-DDAD-4A35-BD81-6AD7819675AA}.Release|x86.ActiveCfg = Release|Any CPU
		{25FE0F1B-A0A1-4C5C-A0CE-6308893625F1}.Debug|Any CPU.ActiveCfg = Debug|Any CPU
		{25FE0F1B-A0A1-4C5C-A0CE-6308893625F1}.Debug|Any CPU.Build.0 = Debug|Any CPU
		{25FE0F1B-A0A1-4C5C-A0CE-6308893625F1}.Debug|ARM.ActiveCfg = Debug|Any CPU
		{25FE0F1B-A0A1-4C5C-A0CE-6308893625F1}.Debug|x64.ActiveCfg = Debug|Any CPU
		{25FE0F1B-A0A1-4C5C-A0CE-6308893625F1}.Debug|x86.ActiveCfg = Debug|Any CPU
		{25FE0F1B-A0A1-4C5C-A0CE-6308893625F1}.Release|Any CPU.ActiveCfg = Release|Any CPU
		{25FE0F1B-A0A1-4C5C-A0CE-6308893625F1}.Release|Any CPU.Build.0 = Release|Any CPU
		{25FE0F1B-A0A1-4C5C-A0CE-6308893625F1}.Release|ARM.ActiveCfg = Release|Any CPU
		{25FE0F1B-A0A1-4C5C-A0CE-6308893625F1}.Release|x64.ActiveCfg = Release|Any CPU
		{25FE0F1B-A0A1-4C5C-A0CE-6308893625F1}.Release|x86.ActiveCfg = Release|Any CPU
		{F57368FA-9854-4732-A465-629DD2176C98}.Debug|Any CPU.ActiveCfg = Debug|Any CPU
		{F57368FA-9854-4732-A465-629DD2176C98}.Debug|Any CPU.Build.0 = Debug|Any CPU
		{F57368FA-9854-4732-A465-629DD2176C98}.Debug|ARM.ActiveCfg = Debug|Any CPU
		{F57368FA-9854-4732-A465-629DD2176C98}.Debug|x64.ActiveCfg = Debug|Any CPU
		{F57368FA-9854-4732-A465-629DD2176C98}.Debug|x86.ActiveCfg = Debug|Any CPU
		{F57368FA-9854-4732-A465-629DD2176C98}.Release|Any CPU.ActiveCfg = Release|Any CPU
		{F57368FA-9854-4732-A465-629DD2176C98}.Release|Any CPU.Build.0 = Release|Any CPU
		{F57368FA-9854-4732-A465-629DD2176C98}.Release|ARM.ActiveCfg = Release|Any CPU
		{F57368FA-9854-4732-A465-629DD2176C98}.Release|x64.ActiveCfg = Release|Any CPU
		{F57368FA-9854-4732-A465-629DD2176C98}.Release|x86.ActiveCfg = Release|Any CPU
		{AFF84ED7-8814-410D-BA73-345B726F1864}.Debug|Any CPU.ActiveCfg = Debug|Any CPU
		{AFF84ED7-8814-410D-BA73-345B726F1864}.Debug|Any CPU.Build.0 = Debug|Any CPU
		{AFF84ED7-8814-410D-BA73-345B726F1864}.Debug|ARM.ActiveCfg = Debug|Any CPU
		{AFF84ED7-8814-410D-BA73-345B726F1864}.Debug|x64.ActiveCfg = Debug|Any CPU
		{AFF84ED7-8814-410D-BA73-345B726F1864}.Debug|x86.ActiveCfg = Debug|Any CPU
		{AFF84ED7-8814-410D-BA73-345B726F1864}.Release|Any CPU.ActiveCfg = Release|Any CPU
		{AFF84ED7-8814-410D-BA73-345B726F1864}.Release|Any CPU.Build.0 = Release|Any CPU
		{AFF84ED7-8814-410D-BA73-345B726F1864}.Release|ARM.ActiveCfg = Release|Any CPU
		{AFF84ED7-8814-410D-BA73-345B726F1864}.Release|x64.ActiveCfg = Release|Any CPU
		{AFF84ED7-8814-410D-BA73-345B726F1864}.Release|x86.ActiveCfg = Release|Any CPU
		{D9AAC0B9-81B6-4BD3-A7F4-8A2CE0B9A139}.Debug|Any CPU.ActiveCfg = Debug|Any CPU
		{D9AAC0B9-81B6-4BD3-A7F4-8A2CE0B9A139}.Debug|Any CPU.Build.0 = Debug|Any CPU
		{D9AAC0B9-81B6-4BD3-A7F4-8A2CE0B9A139}.Debug|ARM.ActiveCfg = Debug|Any CPU
		{D9AAC0B9-81B6-4BD3-A7F4-8A2CE0B9A139}.Debug|x64.ActiveCfg = Debug|Any CPU
		{D9AAC0B9-81B6-4BD3-A7F4-8A2CE0B9A139}.Debug|x86.ActiveCfg = Debug|Any CPU
		{D9AAC0B9-81B6-4BD3-A7F4-8A2CE0B9A139}.Release|Any CPU.ActiveCfg = Release|Any CPU
		{D9AAC0B9-81B6-4BD3-A7F4-8A2CE0B9A139}.Release|Any CPU.Build.0 = Release|Any CPU
		{D9AAC0B9-81B6-4BD3-A7F4-8A2CE0B9A139}.Release|ARM.ActiveCfg = Release|Any CPU
		{D9AAC0B9-81B6-4BD3-A7F4-8A2CE0B9A139}.Release|x64.ActiveCfg = Release|Any CPU
		{D9AAC0B9-81B6-4BD3-A7F4-8A2CE0B9A139}.Release|x86.ActiveCfg = Release|Any CPU
		{974252FD-1725-4B71-BA03-78557A3F1F8A}.Debug|Any CPU.ActiveCfg = Debug|Any CPU
		{974252FD-1725-4B71-BA03-78557A3F1F8A}.Debug|Any CPU.Build.0 = Debug|Any CPU
		{974252FD-1725-4B71-BA03-78557A3F1F8A}.Debug|ARM.ActiveCfg = Debug|Any CPU
		{974252FD-1725-4B71-BA03-78557A3F1F8A}.Debug|x64.ActiveCfg = Debug|Any CPU
		{974252FD-1725-4B71-BA03-78557A3F1F8A}.Debug|x86.ActiveCfg = Debug|Any CPU
		{974252FD-1725-4B71-BA03-78557A3F1F8A}.Release|Any CPU.ActiveCfg = Release|Any CPU
		{974252FD-1725-4B71-BA03-78557A3F1F8A}.Release|Any CPU.Build.0 = Release|Any CPU
		{974252FD-1725-4B71-BA03-78557A3F1F8A}.Release|ARM.ActiveCfg = Release|Any CPU
		{974252FD-1725-4B71-BA03-78557A3F1F8A}.Release|x64.ActiveCfg = Release|Any CPU
		{974252FD-1725-4B71-BA03-78557A3F1F8A}.Release|x86.ActiveCfg = Release|Any CPU
		{4D1C307D-17D4-43F8-AA0B-7F4BF20CA1D7}.Debug|Any CPU.ActiveCfg = Debug|Any CPU
		{4D1C307D-17D4-43F8-AA0B-7F4BF20CA1D7}.Debug|Any CPU.Build.0 = Debug|Any CPU
		{4D1C307D-17D4-43F8-AA0B-7F4BF20CA1D7}.Debug|ARM.ActiveCfg = Debug|Any CPU
		{4D1C307D-17D4-43F8-AA0B-7F4BF20CA1D7}.Debug|x64.ActiveCfg = Debug|Any CPU
		{4D1C307D-17D4-43F8-AA0B-7F4BF20CA1D7}.Debug|x86.ActiveCfg = Debug|Any CPU
		{4D1C307D-17D4-43F8-AA0B-7F4BF20CA1D7}.Release|Any CPU.ActiveCfg = Release|Any CPU
		{4D1C307D-17D4-43F8-AA0B-7F4BF20CA1D7}.Release|Any CPU.Build.0 = Release|Any CPU
		{4D1C307D-17D4-43F8-AA0B-7F4BF20CA1D7}.Release|ARM.ActiveCfg = Release|Any CPU
		{4D1C307D-17D4-43F8-AA0B-7F4BF20CA1D7}.Release|x64.ActiveCfg = Release|Any CPU
		{4D1C307D-17D4-43F8-AA0B-7F4BF20CA1D7}.Release|x86.ActiveCfg = Release|Any CPU
		{FB048276-48B1-47EA-A06D-3C6B9FCAC660}.Debug|Any CPU.ActiveCfg = Debug|Any CPU
		{FB048276-48B1-47EA-A06D-3C6B9FCAC660}.Debug|Any CPU.Build.0 = Debug|Any CPU
		{FB048276-48B1-47EA-A06D-3C6B9FCAC660}.Debug|ARM.ActiveCfg = Debug|Any CPU
		{FB048276-48B1-47EA-A06D-3C6B9FCAC660}.Debug|x64.ActiveCfg = Debug|Any CPU
		{FB048276-48B1-47EA-A06D-3C6B9FCAC660}.Debug|x86.ActiveCfg = Debug|Any CPU
		{FB048276-48B1-47EA-A06D-3C6B9FCAC660}.Release|Any CPU.ActiveCfg = Release|Any CPU
		{FB048276-48B1-47EA-A06D-3C6B9FCAC660}.Release|Any CPU.Build.0 = Release|Any CPU
		{FB048276-48B1-47EA-A06D-3C6B9FCAC660}.Release|ARM.ActiveCfg = Release|Any CPU
		{FB048276-48B1-47EA-A06D-3C6B9FCAC660}.Release|x64.ActiveCfg = Release|Any CPU
		{FB048276-48B1-47EA-A06D-3C6B9FCAC660}.Release|x86.ActiveCfg = Release|Any CPU
		{1302B5E7-839B-457D-BB16-E34776C3CDB6}.Debug|Any CPU.ActiveCfg = Debug|Any CPU
		{1302B5E7-839B-457D-BB16-E34776C3CDB6}.Debug|Any CPU.Build.0 = Debug|Any CPU
		{1302B5E7-839B-457D-BB16-E34776C3CDB6}.Debug|ARM.ActiveCfg = Debug|Any CPU
		{1302B5E7-839B-457D-BB16-E34776C3CDB6}.Debug|x64.ActiveCfg = Debug|Any CPU
		{1302B5E7-839B-457D-BB16-E34776C3CDB6}.Debug|x86.ActiveCfg = Debug|Any CPU
		{1302B5E7-839B-457D-BB16-E34776C3CDB6}.Release|Any CPU.ActiveCfg = Release|Any CPU
		{1302B5E7-839B-457D-BB16-E34776C3CDB6}.Release|Any CPU.Build.0 = Release|Any CPU
		{1302B5E7-839B-457D-BB16-E34776C3CDB6}.Release|ARM.ActiveCfg = Release|Any CPU
		{1302B5E7-839B-457D-BB16-E34776C3CDB6}.Release|x64.ActiveCfg = Release|Any CPU
		{1302B5E7-839B-457D-BB16-E34776C3CDB6}.Release|x86.ActiveCfg = Release|Any CPU
		{251D260F-29CE-42AA-B56F-A2FC9D45F71D}.Debug|Any CPU.ActiveCfg = Debug|Any CPU
		{251D260F-29CE-42AA-B56F-A2FC9D45F71D}.Debug|Any CPU.Build.0 = Debug|Any CPU
		{251D260F-29CE-42AA-B56F-A2FC9D45F71D}.Debug|ARM.ActiveCfg = Debug|Any CPU
		{251D260F-29CE-42AA-B56F-A2FC9D45F71D}.Debug|x64.ActiveCfg = Debug|Any CPU
		{251D260F-29CE-42AA-B56F-A2FC9D45F71D}.Debug|x86.ActiveCfg = Debug|Any CPU
		{251D260F-29CE-42AA-B56F-A2FC9D45F71D}.Release|Any CPU.ActiveCfg = Release|Any CPU
		{251D260F-29CE-42AA-B56F-A2FC9D45F71D}.Release|Any CPU.Build.0 = Release|Any CPU
		{251D260F-29CE-42AA-B56F-A2FC9D45F71D}.Release|ARM.ActiveCfg = Release|Any CPU
		{251D260F-29CE-42AA-B56F-A2FC9D45F71D}.Release|x64.ActiveCfg = Release|Any CPU
		{251D260F-29CE-42AA-B56F-A2FC9D45F71D}.Release|x86.ActiveCfg = Release|Any CPU
		{458C6222-95A7-4AF5-A341-C74D9A285E0C}.Debug|Any CPU.ActiveCfg = Debug|Any CPU
		{458C6222-95A7-4AF5-A341-C74D9A285E0C}.Debug|Any CPU.Build.0 = Debug|Any CPU
		{458C6222-95A7-4AF5-A341-C74D9A285E0C}.Debug|ARM.ActiveCfg = Debug|Any CPU
		{458C6222-95A7-4AF5-A341-C74D9A285E0C}.Debug|x64.ActiveCfg = Debug|Any CPU
		{458C6222-95A7-4AF5-A341-C74D9A285E0C}.Debug|x86.ActiveCfg = Debug|Any CPU
		{458C6222-95A7-4AF5-A341-C74D9A285E0C}.Release|Any CPU.ActiveCfg = Release|Any CPU
		{458C6222-95A7-4AF5-A341-C74D9A285E0C}.Release|Any CPU.Build.0 = Release|Any CPU
		{458C6222-95A7-4AF5-A341-C74D9A285E0C}.Release|ARM.ActiveCfg = Release|Any CPU
		{458C6222-95A7-4AF5-A341-C74D9A285E0C}.Release|x64.ActiveCfg = Release|Any CPU
		{458C6222-95A7-4AF5-A341-C74D9A285E0C}.Release|x86.ActiveCfg = Release|Any CPU
		{4FDE8B47-2B57-4A69-95D1-E6FC6A43F4D6}.Debug|Any CPU.ActiveCfg = Debug|Any CPU
		{4FDE8B47-2B57-4A69-95D1-E6FC6A43F4D6}.Debug|Any CPU.Build.0 = Debug|Any CPU
		{4FDE8B47-2B57-4A69-95D1-E6FC6A43F4D6}.Debug|ARM.ActiveCfg = Debug|Any CPU
		{4FDE8B47-2B57-4A69-95D1-E6FC6A43F4D6}.Debug|x64.ActiveCfg = Debug|Any CPU
		{4FDE8B47-2B57-4A69-95D1-E6FC6A43F4D6}.Debug|x86.ActiveCfg = Debug|Any CPU
		{4FDE8B47-2B57-4A69-95D1-E6FC6A43F4D6}.Release|Any CPU.ActiveCfg = Release|Any CPU
		{4FDE8B47-2B57-4A69-95D1-E6FC6A43F4D6}.Release|Any CPU.Build.0 = Release|Any CPU
		{4FDE8B47-2B57-4A69-95D1-E6FC6A43F4D6}.Release|ARM.ActiveCfg = Release|Any CPU
		{4FDE8B47-2B57-4A69-95D1-E6FC6A43F4D6}.Release|x64.ActiveCfg = Release|Any CPU
		{4FDE8B47-2B57-4A69-95D1-E6FC6A43F4D6}.Release|x86.ActiveCfg = Release|Any CPU
		{673B38C0-C387-4D30-9888-2403E87765DA}.Debug|Any CPU.ActiveCfg = Debug|Any CPU
		{673B38C0-C387-4D30-9888-2403E87765DA}.Debug|Any CPU.Build.0 = Debug|Any CPU
		{673B38C0-C387-4D30-9888-2403E87765DA}.Debug|ARM.ActiveCfg = Debug|Any CPU
		{673B38C0-C387-4D30-9888-2403E87765DA}.Debug|x64.ActiveCfg = Debug|Any CPU
		{673B38C0-C387-4D30-9888-2403E87765DA}.Debug|x86.ActiveCfg = Debug|Any CPU
		{673B38C0-C387-4D30-9888-2403E87765DA}.Release|Any CPU.ActiveCfg = Release|Any CPU
		{673B38C0-C387-4D30-9888-2403E87765DA}.Release|Any CPU.Build.0 = Release|Any CPU
		{673B38C0-C387-4D30-9888-2403E87765DA}.Release|ARM.ActiveCfg = Release|Any CPU
		{673B38C0-C387-4D30-9888-2403E87765DA}.Release|x64.ActiveCfg = Release|Any CPU
		{673B38C0-C387-4D30-9888-2403E87765DA}.Release|x86.ActiveCfg = Release|Any CPU
		{0C89398A-6633-4159-880A-65149487BA5D}.Debug|Any CPU.ActiveCfg = Debug|Any CPU
		{0C89398A-6633-4159-880A-65149487BA5D}.Debug|Any CPU.Build.0 = Debug|Any CPU
		{0C89398A-6633-4159-880A-65149487BA5D}.Debug|ARM.ActiveCfg = Debug|Any CPU
		{0C89398A-6633-4159-880A-65149487BA5D}.Debug|x64.ActiveCfg = Debug|Any CPU
		{0C89398A-6633-4159-880A-65149487BA5D}.Debug|x86.ActiveCfg = Debug|Any CPU
		{0C89398A-6633-4159-880A-65149487BA5D}.Release|Any CPU.ActiveCfg = Release|Any CPU
		{0C89398A-6633-4159-880A-65149487BA5D}.Release|Any CPU.Build.0 = Release|Any CPU
		{0C89398A-6633-4159-880A-65149487BA5D}.Release|ARM.ActiveCfg = Release|Any CPU
		{0C89398A-6633-4159-880A-65149487BA5D}.Release|x64.ActiveCfg = Release|Any CPU
		{0C89398A-6633-4159-880A-65149487BA5D}.Release|x86.ActiveCfg = Release|Any CPU
		{4B769607-A5BF-4813-B2BC-C3B1202BD9B7}.Debug|Any CPU.ActiveCfg = Debug|Any CPU
		{4B769607-A5BF-4813-B2BC-C3B1202BD9B7}.Debug|Any CPU.Build.0 = Debug|Any CPU
		{4B769607-A5BF-4813-B2BC-C3B1202BD9B7}.Debug|ARM.ActiveCfg = Debug|Any CPU
		{4B769607-A5BF-4813-B2BC-C3B1202BD9B7}.Debug|x64.ActiveCfg = Debug|Any CPU
		{4B769607-A5BF-4813-B2BC-C3B1202BD9B7}.Debug|x86.ActiveCfg = Debug|Any CPU
		{4B769607-A5BF-4813-B2BC-C3B1202BD9B7}.Release|Any CPU.ActiveCfg = Release|Any CPU
		{4B769607-A5BF-4813-B2BC-C3B1202BD9B7}.Release|Any CPU.Build.0 = Release|Any CPU
		{4B769607-A5BF-4813-B2BC-C3B1202BD9B7}.Release|ARM.ActiveCfg = Release|Any CPU
		{4B769607-A5BF-4813-B2BC-C3B1202BD9B7}.Release|x64.ActiveCfg = Release|Any CPU
		{4B769607-A5BF-4813-B2BC-C3B1202BD9B7}.Release|x86.ActiveCfg = Release|Any CPU
		{28E95B9C-4E68-44DF-8595-395A7693905F}.Debug|Any CPU.ActiveCfg = Debug|Any CPU
		{28E95B9C-4E68-44DF-8595-395A7693905F}.Debug|Any CPU.Build.0 = Debug|Any CPU
		{28E95B9C-4E68-44DF-8595-395A7693905F}.Debug|ARM.ActiveCfg = Debug|Any CPU
		{28E95B9C-4E68-44DF-8595-395A7693905F}.Debug|x64.ActiveCfg = Debug|Any CPU
		{28E95B9C-4E68-44DF-8595-395A7693905F}.Debug|x86.ActiveCfg = Debug|Any CPU
		{28E95B9C-4E68-44DF-8595-395A7693905F}.Release|Any CPU.ActiveCfg = Release|Any CPU
		{28E95B9C-4E68-44DF-8595-395A7693905F}.Release|Any CPU.Build.0 = Release|Any CPU
		{28E95B9C-4E68-44DF-8595-395A7693905F}.Release|ARM.ActiveCfg = Release|Any CPU
		{28E95B9C-4E68-44DF-8595-395A7693905F}.Release|x64.ActiveCfg = Release|Any CPU
		{28E95B9C-4E68-44DF-8595-395A7693905F}.Release|x86.ActiveCfg = Release|Any CPU
		{D95612FB-AB04-47B9-BD1C-9FAF1A2080CB}.Debug|Any CPU.ActiveCfg = Debug|Any CPU
		{D95612FB-AB04-47B9-BD1C-9FAF1A2080CB}.Debug|ARM.ActiveCfg = Debug|Any CPU
		{D95612FB-AB04-47B9-BD1C-9FAF1A2080CB}.Debug|x64.ActiveCfg = Debug|Any CPU
		{D95612FB-AB04-47B9-BD1C-9FAF1A2080CB}.Debug|x86.ActiveCfg = Debug|Any CPU
		{D95612FB-AB04-47B9-BD1C-9FAF1A2080CB}.Release|Any CPU.ActiveCfg = Release|Any CPU
		{D95612FB-AB04-47B9-BD1C-9FAF1A2080CB}.Release|Any CPU.Build.0 = Release|Any CPU
		{D95612FB-AB04-47B9-BD1C-9FAF1A2080CB}.Release|ARM.ActiveCfg = Release|Any CPU
		{D95612FB-AB04-47B9-BD1C-9FAF1A2080CB}.Release|x64.ActiveCfg = Release|Any CPU
		{D95612FB-AB04-47B9-BD1C-9FAF1A2080CB}.Release|x86.ActiveCfg = Release|Any CPU
		{58B5BB89-F248-4B02-BB86-6C034E0CF4FA}.Debug|Any CPU.ActiveCfg = Debug|Any CPU
		{58B5BB89-F248-4B02-BB86-6C034E0CF4FA}.Debug|Any CPU.Build.0 = Debug|Any CPU
		{58B5BB89-F248-4B02-BB86-6C034E0CF4FA}.Debug|ARM.ActiveCfg = Debug|Any CPU
		{58B5BB89-F248-4B02-BB86-6C034E0CF4FA}.Debug|x64.ActiveCfg = Debug|Any CPU
		{58B5BB89-F248-4B02-BB86-6C034E0CF4FA}.Debug|x86.ActiveCfg = Debug|Any CPU
		{58B5BB89-F248-4B02-BB86-6C034E0CF4FA}.Release|Any CPU.ActiveCfg = Release|Any CPU
		{58B5BB89-F248-4B02-BB86-6C034E0CF4FA}.Release|Any CPU.Build.0 = Release|Any CPU
		{58B5BB89-F248-4B02-BB86-6C034E0CF4FA}.Release|ARM.ActiveCfg = Release|Any CPU
		{58B5BB89-F248-4B02-BB86-6C034E0CF4FA}.Release|x64.ActiveCfg = Release|Any CPU
		{58B5BB89-F248-4B02-BB86-6C034E0CF4FA}.Release|x86.ActiveCfg = Release|Any CPU
		{4C62427A-679D-41A6-9594-5DE2061C0D3A}.Debug|Any CPU.ActiveCfg = Debug|Any CPU
		{4C62427A-679D-41A6-9594-5DE2061C0D3A}.Debug|Any CPU.Build.0 = Debug|Any CPU
		{4C62427A-679D-41A6-9594-5DE2061C0D3A}.Debug|ARM.ActiveCfg = Debug|Any CPU
		{4C62427A-679D-41A6-9594-5DE2061C0D3A}.Debug|x64.ActiveCfg = Debug|Any CPU
		{4C62427A-679D-41A6-9594-5DE2061C0D3A}.Debug|x86.ActiveCfg = Debug|Any CPU
		{4C62427A-679D-41A6-9594-5DE2061C0D3A}.Release|Any CPU.ActiveCfg = Release|Any CPU
		{4C62427A-679D-41A6-9594-5DE2061C0D3A}.Release|Any CPU.Build.0 = Release|Any CPU
		{4C62427A-679D-41A6-9594-5DE2061C0D3A}.Release|ARM.ActiveCfg = Release|Any CPU
		{4C62427A-679D-41A6-9594-5DE2061C0D3A}.Release|x64.ActiveCfg = Release|Any CPU
		{4C62427A-679D-41A6-9594-5DE2061C0D3A}.Release|x86.ActiveCfg = Release|Any CPU
		{EA57A5D5-70E2-4DED-83DF-2216DD11EFE0}.Debug|Any CPU.ActiveCfg = Debug|Any CPU
		{EA57A5D5-70E2-4DED-83DF-2216DD11EFE0}.Debug|Any CPU.Build.0 = Debug|Any CPU
		{EA57A5D5-70E2-4DED-83DF-2216DD11EFE0}.Debug|ARM.ActiveCfg = Debug|Any CPU
		{EA57A5D5-70E2-4DED-83DF-2216DD11EFE0}.Debug|x64.ActiveCfg = Debug|Any CPU
		{EA57A5D5-70E2-4DED-83DF-2216DD11EFE0}.Debug|x86.ActiveCfg = Debug|Any CPU
		{EA57A5D5-70E2-4DED-83DF-2216DD11EFE0}.Release|Any CPU.ActiveCfg = Release|Any CPU
		{EA57A5D5-70E2-4DED-83DF-2216DD11EFE0}.Release|Any CPU.Build.0 = Release|Any CPU
		{EA57A5D5-70E2-4DED-83DF-2216DD11EFE0}.Release|ARM.ActiveCfg = Release|Any CPU
		{EA57A5D5-70E2-4DED-83DF-2216DD11EFE0}.Release|x64.ActiveCfg = Release|Any CPU
		{EA57A5D5-70E2-4DED-83DF-2216DD11EFE0}.Release|x86.ActiveCfg = Release|Any CPU
		{6CE4EB23-2F82-4429-92A5-9032BC1C5D0F}.Debug|Any CPU.ActiveCfg = Debug|Any CPU
		{6CE4EB23-2F82-4429-92A5-9032BC1C5D0F}.Debug|Any CPU.Build.0 = Debug|Any CPU
		{6CE4EB23-2F82-4429-92A5-9032BC1C5D0F}.Debug|ARM.ActiveCfg = Debug|Any CPU
		{6CE4EB23-2F82-4429-92A5-9032BC1C5D0F}.Debug|x64.ActiveCfg = Debug|Any CPU
		{6CE4EB23-2F82-4429-92A5-9032BC1C5D0F}.Debug|x86.ActiveCfg = Debug|Any CPU
		{6CE4EB23-2F82-4429-92A5-9032BC1C5D0F}.Release|Any CPU.ActiveCfg = Release|Any CPU
		{6CE4EB23-2F82-4429-92A5-9032BC1C5D0F}.Release|Any CPU.Build.0 = Release|Any CPU
		{6CE4EB23-2F82-4429-92A5-9032BC1C5D0F}.Release|ARM.ActiveCfg = Release|Any CPU
		{6CE4EB23-2F82-4429-92A5-9032BC1C5D0F}.Release|x64.ActiveCfg = Release|Any CPU
		{6CE4EB23-2F82-4429-92A5-9032BC1C5D0F}.Release|x86.ActiveCfg = Release|Any CPU
		{722480F6-46F9-475A-89B1-27A758E34A28}.Debug|Any CPU.ActiveCfg = Debug|Any CPU
		{722480F6-46F9-475A-89B1-27A758E34A28}.Debug|Any CPU.Build.0 = Debug|Any CPU
		{722480F6-46F9-475A-89B1-27A758E34A28}.Debug|ARM.ActiveCfg = Debug|Any CPU
		{722480F6-46F9-475A-89B1-27A758E34A28}.Debug|x64.ActiveCfg = Debug|Any CPU
		{722480F6-46F9-475A-89B1-27A758E34A28}.Debug|x86.ActiveCfg = Debug|Any CPU
		{722480F6-46F9-475A-89B1-27A758E34A28}.Release|Any CPU.ActiveCfg = Release|Any CPU
		{722480F6-46F9-475A-89B1-27A758E34A28}.Release|Any CPU.Build.0 = Release|Any CPU
		{722480F6-46F9-475A-89B1-27A758E34A28}.Release|ARM.ActiveCfg = Release|Any CPU
		{722480F6-46F9-475A-89B1-27A758E34A28}.Release|x64.ActiveCfg = Release|Any CPU
		{722480F6-46F9-475A-89B1-27A758E34A28}.Release|x86.ActiveCfg = Release|Any CPU
		{7D44CE4E-347E-4E9F-B7C1-222960B51376}.Debug|Any CPU.ActiveCfg = Debug|Any CPU
		{7D44CE4E-347E-4E9F-B7C1-222960B51376}.Debug|Any CPU.Build.0 = Debug|Any CPU
		{7D44CE4E-347E-4E9F-B7C1-222960B51376}.Debug|ARM.ActiveCfg = Debug|Any CPU
		{7D44CE4E-347E-4E9F-B7C1-222960B51376}.Debug|x64.ActiveCfg = Debug|Any CPU
		{7D44CE4E-347E-4E9F-B7C1-222960B51376}.Debug|x86.ActiveCfg = Debug|Any CPU
		{7D44CE4E-347E-4E9F-B7C1-222960B51376}.Release|Any CPU.ActiveCfg = Release|Any CPU
		{7D44CE4E-347E-4E9F-B7C1-222960B51376}.Release|Any CPU.Build.0 = Release|Any CPU
		{7D44CE4E-347E-4E9F-B7C1-222960B51376}.Release|ARM.ActiveCfg = Release|Any CPU
		{7D44CE4E-347E-4E9F-B7C1-222960B51376}.Release|x64.ActiveCfg = Release|Any CPU
		{7D44CE4E-347E-4E9F-B7C1-222960B51376}.Release|x86.ActiveCfg = Release|Any CPU
		{A80005C8-8677-4122-AB48-446C92F5C294}.Debug|Any CPU.ActiveCfg = Debug|Any CPU
		{A80005C8-8677-4122-AB48-446C92F5C294}.Debug|Any CPU.Build.0 = Debug|Any CPU
		{A80005C8-8677-4122-AB48-446C92F5C294}.Debug|ARM.ActiveCfg = Debug|Any CPU
		{A80005C8-8677-4122-AB48-446C92F5C294}.Debug|x64.ActiveCfg = Debug|Any CPU
		{A80005C8-8677-4122-AB48-446C92F5C294}.Debug|x86.ActiveCfg = Debug|Any CPU
		{A80005C8-8677-4122-AB48-446C92F5C294}.Release|Any CPU.ActiveCfg = Release|Any CPU
		{A80005C8-8677-4122-AB48-446C92F5C294}.Release|Any CPU.Build.0 = Release|Any CPU
		{A80005C8-8677-4122-AB48-446C92F5C294}.Release|ARM.ActiveCfg = Release|Any CPU
		{A80005C8-8677-4122-AB48-446C92F5C294}.Release|x64.ActiveCfg = Release|Any CPU
		{A80005C8-8677-4122-AB48-446C92F5C294}.Release|x86.ActiveCfg = Release|Any CPU
		{DA456490-73CB-42A9-B8FA-1BF8B125EC07}.Debug|Any CPU.ActiveCfg = Debug|Any CPU
		{DA456490-73CB-42A9-B8FA-1BF8B125EC07}.Debug|Any CPU.Build.0 = Debug|Any CPU
		{DA456490-73CB-42A9-B8FA-1BF8B125EC07}.Debug|ARM.ActiveCfg = Debug|Any CPU
		{DA456490-73CB-42A9-B8FA-1BF8B125EC07}.Debug|x64.ActiveCfg = Debug|Any CPU
		{DA456490-73CB-42A9-B8FA-1BF8B125EC07}.Debug|x86.ActiveCfg = Debug|Any CPU
		{DA456490-73CB-42A9-B8FA-1BF8B125EC07}.Release|Any CPU.ActiveCfg = Release|Any CPU
		{DA456490-73CB-42A9-B8FA-1BF8B125EC07}.Release|Any CPU.Build.0 = Release|Any CPU
		{DA456490-73CB-42A9-B8FA-1BF8B125EC07}.Release|ARM.ActiveCfg = Release|Any CPU
		{DA456490-73CB-42A9-B8FA-1BF8B125EC07}.Release|x64.ActiveCfg = Release|Any CPU
		{DA456490-73CB-42A9-B8FA-1BF8B125EC07}.Release|x86.ActiveCfg = Release|Any CPU
	EndGlobalSection
	GlobalSection(SolutionProperties) = preSolution
		HideSolutionNode = FALSE
	EndGlobalSection
	GlobalSection(NestedProjects) = preSolution
		{01E6EEEF-9A96-4866-90C3-805644F19103} = {58CF7B3A-2574-4478-A5F3-945F32CD5692}
		{CC987857-DDAD-4A35-BD81-6AD7819675AA} = {58CF7B3A-2574-4478-A5F3-945F32CD5692}
		{58CF7B3A-2574-4478-A5F3-945F32CD5692} = {78582369-5DE3-446A-8BD4-A6FEE069ED6C}
		{25FE0F1B-A0A1-4C5C-A0CE-6308893625F1} = {58CF7B3A-2574-4478-A5F3-945F32CD5692}
		{AFF84ED7-8814-410D-BA73-345B726F1864} = {75494C09-AE25-406F-8816-B336C817981D}
		{D9AAC0B9-81B6-4BD3-A7F4-8A2CE0B9A139} = {75494C09-AE25-406F-8816-B336C817981D}
		{4DD28F6D-BC94-4BCA-AD3E-321F94F98D70} = {78582369-5DE3-446A-8BD4-A6FEE069ED6C}
		{974252FD-1725-4B71-BA03-78557A3F1F8A} = {4DD28F6D-BC94-4BCA-AD3E-321F94F98D70}
		{4D1C307D-17D4-43F8-AA0B-7F4BF20CA1D7} = {4DD28F6D-BC94-4BCA-AD3E-321F94F98D70}
		{FB048276-48B1-47EA-A06D-3C6B9FCAC660} = {4DD28F6D-BC94-4BCA-AD3E-321F94F98D70}
		{1302B5E7-839B-457D-BB16-E34776C3CDB6} = {4DD28F6D-BC94-4BCA-AD3E-321F94F98D70}
		{251D260F-29CE-42AA-B56F-A2FC9D45F71D} = {4DD28F6D-BC94-4BCA-AD3E-321F94F98D70}
		{02C7708E-32B7-4F50-BCD1-0B1F8D4C7D18} = {75494C09-AE25-406F-8816-B336C817981D}
		{458C6222-95A7-4AF5-A341-C74D9A285E0C} = {02C7708E-32B7-4F50-BCD1-0B1F8D4C7D18}
		{4FDE8B47-2B57-4A69-95D1-E6FC6A43F4D6} = {02C7708E-32B7-4F50-BCD1-0B1F8D4C7D18}
		{673B38C0-C387-4D30-9888-2403E87765DA} = {02C7708E-32B7-4F50-BCD1-0B1F8D4C7D18}
		{0C89398A-6633-4159-880A-65149487BA5D} = {75494C09-AE25-406F-8816-B336C817981D}
		{9F8C51B5-90D8-463C-997C-645F98AFBCC0} = {78582369-5DE3-446A-8BD4-A6FEE069ED6C}
		{4B769607-A5BF-4813-B2BC-C3B1202BD9B7} = {9F8C51B5-90D8-463C-997C-645F98AFBCC0}
		{28E95B9C-4E68-44DF-8595-395A7693905F} = {463EE421-6468-4668-9208-EA9D94DB723D}
		{BCBECC61-77ED-4BD0-B1FC-5216B9ECDFA0} = {78582369-5DE3-446A-8BD4-A6FEE069ED6C}
		{58B5BB89-F248-4B02-BB86-6C034E0CF4FA} = {9F8C51B5-90D8-463C-997C-645F98AFBCC0}
		{4C62427A-679D-41A6-9594-5DE2061C0D3A} = {BCBECC61-77ED-4BD0-B1FC-5216B9ECDFA0}
		{EA57A5D5-70E2-4DED-83DF-2216DD11EFE0} = {BCBECC61-77ED-4BD0-B1FC-5216B9ECDFA0}
		{463EE421-6468-4668-9208-EA9D94DB723D} = {78582369-5DE3-446A-8BD4-A6FEE069ED6C}
		{6CE4EB23-2F82-4429-92A5-9032BC1C5D0F} = {4DD28F6D-BC94-4BCA-AD3E-321F94F98D70}
		{722480F6-46F9-475A-89B1-27A758E34A28} = {4DD28F6D-BC94-4BCA-AD3E-321F94F98D70}
		{7D44CE4E-347E-4E9F-B7C1-222960B51376} = {4DD28F6D-BC94-4BCA-AD3E-321F94F98D70}
		{A80005C8-8677-4122-AB48-446C92F5C294} = {4DD28F6D-BC94-4BCA-AD3E-321F94F98D70}
	EndGlobalSection
	GlobalSection(ExtensibilityGlobals) = postSolution
		EnterpriseLibraryConfigurationToolBinariesPathV6 = packages\EnterpriseLibrary.TransientFaultHandling.6.0.1304.0\lib\portable-net45+win+wp8
	EndGlobalSection
EndGlobal
