
Microsoft Visual Studio Solution File, Format Version 12.00
# Visual Studio 2012
Project("{2150E333-8FDC-42A3-9474-1A3956D46DE8}") = "Cloud", "Cloud", "{676F32F8-69F1-473F-AE06-E99299D76169}"
EndProject
Project("{2150E333-8FDC-42A3-9474-1A3956D46DE8}") = "Legacy", "Legacy", "{B0F74F59-9C76-4DA8-88DB-C47B51368926}"
EndProject
Project("{FAE04EC0-301F-11D3-BF4B-00C04F79EFBC}") = "ThumbnailProducerApp", "ThumbnailProducerApp\ThumbnailProducerApp.csproj", "{673B38C0-C387-4D30-9888-2403E87765DA}"
EndProject
Project("{FAE04EC0-301F-11D3-BF4B-00C04F79EFBC}") = "ThumbnailShared", "ThumbnailShared\ThumbnailShared.csproj", "{61471764-6D28-4719-A4EA-B57942CCA959}"
EndProject
Project("{FAE04EC0-301F-11D3-BF4B-00C04F79EFBC}") = "ThumbnailFrontend", "ThumbnailFrontend\ThumbnailFrontend.csproj", "{EA7F4C2C-A408-4F90-9669-7858D0D64CD0}"
EndProject
Project("{FAE04EC0-301F-11D3-BF4B-00C04F79EFBC}") = "ThumbnailBackend", "ThumbnailBackend\ThumbnailBackend.csproj", "{2736B50F-A7B5-4A84-BCB6-1EB12F0473A4}"
EndProject
Project("{CC5FD16D-436D-48AD-A40C-5A424C6E3E79}") = "ThumbnailCloudService", "ThumbnailCloudService\ThumbnailCloudService.ccproj", "{3622119F-18EE-4D96-82A1-355B1439A687}"
EndProject
Global
	GlobalSection(SolutionConfigurationPlatforms) = preSolution
		Debug|Any CPU = Debug|Any CPU
		Release|Any CPU = Release|Any CPU
	EndGlobalSection
	GlobalSection(ProjectConfigurationPlatforms) = postSolution
		{673B38C0-C387-4D30-9888-2403E87765DA}.Debug|Any CPU.ActiveCfg = Debug|Any CPU
		{673B38C0-C387-4D30-9888-2403E87765DA}.Debug|Any CPU.Build.0 = Debug|Any CPU
		{673B38C0-C387-4D30-9888-2403E87765DA}.Release|Any CPU.ActiveCfg = Release|Any CPU
		{673B38C0-C387-4D30-9888-2403E87765DA}.Release|Any CPU.Build.0 = Release|Any CPU
		{61471764-6D28-4719-A4EA-B57942CCA959}.Debug|Any CPU.ActiveCfg = Debug|Any CPU
		{61471764-6D28-4719-A4EA-B57942CCA959}.Debug|Any CPU.Build.0 = Debug|Any CPU
		{61471764-6D28-4719-A4EA-B57942CCA959}.Release|Any CPU.ActiveCfg = Release|Any CPU
		{61471764-6D28-4719-A4EA-B57942CCA959}.Release|Any CPU.Build.0 = Release|Any CPU
		{EA7F4C2C-A408-4F90-9669-7858D0D64CD0}.Debug|Any CPU.ActiveCfg = Debug|Any CPU
		{EA7F4C2C-A408-4F90-9669-7858D0D64CD0}.Debug|Any CPU.Build.0 = Debug|Any CPU
		{EA7F4C2C-A408-4F90-9669-7858D0D64CD0}.Release|Any CPU.ActiveCfg = Release|Any CPU
		{EA7F4C2C-A408-4F90-9669-7858D0D64CD0}.Release|Any CPU.Build.0 = Release|Any CPU
		{2736B50F-A7B5-4A84-BCB6-1EB12F0473A4}.Debug|Any CPU.ActiveCfg = Debug|Any CPU
		{2736B50F-A7B5-4A84-BCB6-1EB12F0473A4}.Debug|Any CPU.Build.0 = Debug|Any CPU
		{2736B50F-A7B5-4A84-BCB6-1EB12F0473A4}.Release|Any CPU.ActiveCfg = Release|Any CPU
		{2736B50F-A7B5-4A84-BCB6-1EB12F0473A4}.Release|Any CPU.Build.0 = Release|Any CPU
		{3622119F-18EE-4D96-82A1-355B1439A687}.Debug|Any CPU.ActiveCfg = Debug|Any CPU
		{3622119F-18EE-4D96-82A1-355B1439A687}.Debug|Any CPU.Build.0 = Debug|Any CPU
		{3622119F-18EE-4D96-82A1-355B1439A687}.Release|Any CPU.ActiveCfg = Release|Any CPU
		{3622119F-18EE-4D96-82A1-355B1439A687}.Release|Any CPU.Build.0 = Release|Any CPU
	EndGlobalSection
	GlobalSection(SolutionProperties) = preSolution
		HideSolutionNode = FALSE
	EndGlobalSection
	GlobalSection(NestedProjects) = preSolution
		{673B38C0-C387-4D30-9888-2403E87765DA} = {B0F74F59-9C76-4DA8-88DB-C47B51368926}
		{61471764-6D28-4719-A4EA-B57942CCA959} = {676F32F8-69F1-473F-AE06-E99299D76169}
		{EA7F4C2C-A408-4F90-9669-7858D0D64CD0} = {676F32F8-69F1-473F-AE06-E99299D76169}
		{2736B50F-A7B5-4A84-BCB6-1EB12F0473A4} = {676F32F8-69F1-473F-AE06-E99299D76169}
	EndGlobalSection
EndGlobal
